
Microsoft Visual Studio Solution File, Format Version 12.00
# Visual Studio Version 16
VisualStudioVersion = 16.0.31702.278
MinimumVisualStudioVersion = 10.0.40219.1
Project("{9A19103F-16F7-4668-BE54-9A1E7A4F7556}") = "Proiect_ASP.NET", "Proiect_ASP.NET.csproj", "{306D35FA-BC6D-4E97-B39F-0C507EEEC09B}"
EndProject
Global
	GlobalSection(SolutionConfigurationPlatforms) = preSolution
		Debug|Any CPU = Debug|Any CPU
		Release|Any CPU = Release|Any CPU
	EndGlobalSection
	GlobalSection(ProjectConfigurationPlatforms) = postSolution
		{306D35FA-BC6D-4E97-B39F-0C507EEEC09B}.Debug|Any CPU.ActiveCfg = Debug|Any CPU
		{306D35FA-BC6D-4E97-B39F-0C507EEEC09B}.Debug|Any CPU.Build.0 = Debug|Any CPU
		{306D35FA-BC6D-4E97-B39F-0C507EEEC09B}.Release|Any CPU.ActiveCfg = Release|Any CPU
		{306D35FA-BC6D-4E97-B39F-0C507EEEC09B}.Release|Any CPU.Build.0 = Release|Any CPU
	EndGlobalSection
	GlobalSection(SolutionProperties) = preSolution
		HideSolutionNode = FALSE
	EndGlobalSection
	GlobalSection(ExtensibilityGlobals) = postSolution
		SolutionGuid = {14D51CA6-3448-4F84-9915-76165A96DCE7}
	EndGlobalSection
EndGlobal
